
Microsoft Visual Studio Solution File, Format Version 12.00
# Visual Studio Version 17
VisualStudioVersion = 17.13.35931.197 d17.13
MinimumVisualStudioVersion = 10.0.40219.1
Project("{FAE04EC0-301F-11D3-BF4B-00C04F79EFBC}") = "FoodDeliveryApp", "FoodDeliveryApp.csproj", "{DE7F7B85-01CB-4826-9A3F-A4FF193081B6}"
EndProject
Global
	GlobalSection(SolutionConfigurationPlatforms) = preSolution
		Debug|Any CPU = Debug|Any CPU
		Release|Any CPU = Release|Any CPU
	EndGlobalSection
	GlobalSection(ProjectConfigurationPlatforms) = postSolution
		{DE7F7B85-01CB-4826-9A3F-A4FF193081B6}.Debug|Any CPU.ActiveCfg = Debug|Any CPU
		{DE7F7B85-01CB-4826-9A3F-A4FF193081B6}.Debug|Any CPU.Build.0 = Debug|Any CPU
		{DE7F7B85-01CB-4826-9A3F-A4FF193081B6}.Release|Any CPU.ActiveCfg = Release|Any CPU
		{DE7F7B85-01CB-4826-9A3F-A4FF193081B6}.Release|Any CPU.Build.0 = Release|Any CPU
	EndGlobalSection
	GlobalSection(SolutionProperties) = preSolution
		HideSolutionNode = FALSE
	EndGlobalSection
	GlobalSection(ExtensibilityGlobals) = postSolution
		SolutionGuid = {2B47F794-D3A9-46F4-BB7A-B54FA11ABB6D}
	EndGlobalSection
EndGlobal
